
Microsoft Visual Studio Solution File, Format Version 12.00
# Visual Studio 15
VisualStudioVersion = 15.0.27004.2005
MinimumVisualStudioVersion = 10.0.40219.1
Project("{FAE04EC0-301F-11D3-BF4B-00C04F79EFBC}") = "ZOFiles", "ZOFiles\ZOFiles.csproj", "{AB25FABD-9E5A-4250-85F7-DAAEB1D177F6}"
EndProject
Project("{FAE04EC0-301F-11D3-BF4B-00C04F79EFBC}") = "DataSource", "DataSource\DataSource.csproj", "{710B036E-A388-4E75-9E3F-CF447F9B4A74}"
EndProject
Project("{FAE04EC0-301F-11D3-BF4B-00C04F79EFBC}") = "ZOFilesUnitTests", "ZOFilesUnitTests\ZOFilesUnitTests.csproj", "{9DE51F03-76C8-43F9-97B7-35807AF8A111}"
EndProject
Global
	GlobalSection(SolutionConfigurationPlatforms) = preSolution
		Debug|Any CPU = Debug|Any CPU
		Release|Any CPU = Release|Any CPU
	EndGlobalSection
	GlobalSection(ProjectConfigurationPlatforms) = postSolution
		{AB25FABD-9E5A-4250-85F7-DAAEB1D177F6}.Debug|Any CPU.ActiveCfg = Debug|Any CPU
		{AB25FABD-9E5A-4250-85F7-DAAEB1D177F6}.Debug|Any CPU.Build.0 = Debug|Any CPU
		{AB25FABD-9E5A-4250-85F7-DAAEB1D177F6}.Release|Any CPU.ActiveCfg = Release|Any CPU
		{AB25FABD-9E5A-4250-85F7-DAAEB1D177F6}.Release|Any CPU.Build.0 = Release|Any CPU
		{710B036E-A388-4E75-9E3F-CF447F9B4A74}.Debug|Any CPU.ActiveCfg = Debug|Any CPU
		{710B036E-A388-4E75-9E3F-CF447F9B4A74}.Debug|Any CPU.Build.0 = Debug|Any CPU
		{710B036E-A388-4E75-9E3F-CF447F9B4A74}.Release|Any CPU.ActiveCfg = Release|Any CPU
		{710B036E-A388-4E75-9E3F-CF447F9B4A74}.Release|Any CPU.Build.0 = Release|Any CPU
		{9DE51F03-76C8-43F9-97B7-35807AF8A111}.Debug|Any CPU.ActiveCfg = Debug|Any CPU
		{9DE51F03-76C8-43F9-97B7-35807AF8A111}.Debug|Any CPU.Build.0 = Debug|Any CPU
		{9DE51F03-76C8-43F9-97B7-35807AF8A111}.Release|Any CPU.ActiveCfg = Release|Any CPU
		{9DE51F03-76C8-43F9-97B7-35807AF8A111}.Release|Any CPU.Build.0 = Release|Any CPU
	EndGlobalSection
	GlobalSection(SolutionProperties) = preSolution
		HideSolutionNode = FALSE
	EndGlobalSection
	GlobalSection(ExtensibilityGlobals) = postSolution
		SolutionGuid = {59EA9922-1295-4F6E-9778-A0BC56240952}
	EndGlobalSection
EndGlobal
